{
  "originHash" : "66aa1bc2af68d45775c9f41e59e1157a656ccf9328c2f56867f13e6e8fccc576",
  "pins" : [
    {
      "identity" : "grdb.swift",
      "kind" : "remoteSourceControl",
      "location" : "https://github.com/groue/GRDB.swift.git",
      "state" : {
        "revision" : "2cf6c756e1e5ef6901ebae16576a7e4e4b834622",
        "version" : "6.29.3"
      }
    }
  ],
  "version" : 3
}
